
Microsoft Visual Studio Solution File, Format Version 12.00
# Visual Studio Version 17
VisualStudioVersion = 17.9.34728.123
MinimumVisualStudioVersion = 10.0.40219.1
Project("{FAE04EC0-301F-11D3-BF4B-00C04F79EFBC}") = "To-Do List App", "To-Do List App\To-Do List App.csproj", "{18120052-79C1-4F74-9AD0-1CC099B77DF8}"
EndProject
Global
	GlobalSection(SolutionConfigurationPlatforms) = preSolution
		Debug|Any CPU = Debug|Any CPU
		Release|Any CPU = Release|Any CPU
	EndGlobalSection
	GlobalSection(ProjectConfigurationPlatforms) = postSolution
		{18120052-79C1-4F74-9AD0-1CC099B77DF8}.Debug|Any CPU.ActiveCfg = Debug|Any CPU
		{18120052-79C1-4F74-9AD0-1CC099B77DF8}.Debug|Any CPU.Build.0 = Debug|Any CPU
		{18120052-79C1-4F74-9AD0-1CC099B77DF8}.Release|Any CPU.ActiveCfg = Release|Any CPU
		{18120052-79C1-4F74-9AD0-1CC099B77DF8}.Release|Any CPU.Build.0 = Release|Any CPU
	EndGlobalSection
	GlobalSection(SolutionProperties) = preSolution
		HideSolutionNode = FALSE
	EndGlobalSection
	GlobalSection(ExtensibilityGlobals) = postSolution
		SolutionGuid = {38C722C2-C439-4805-AE04-BA6BC61C0852}
	EndGlobalSection
EndGlobal
